Microsoft Visual Studio Solution File, Format Version 12.00
# Visual Studio Version 17
VisualStudioVersion = 17.5.2.0
MinimumVisualStudioVersion = 10.0.40219.1
Project("{FAE04EC0-301F-11D3-BF4B-00C04F79EFBC}") = "Dota2API", "Dota2API.csproj", "{9460C41E-1FFF-060D-FB7D-F77B734F292A}"
EndProject
Global
	GlobalSection(SolutionConfigurationPlatforms) = preSolution
		Debug|Any CPU = Debug|Any CPU
		Release|Any CPU = Release|Any CPU
	EndGlobalSection
	GlobalSection(ProjectConfigurationPlatforms) = postSolution
		{9460C41E-1FFF-060D-FB7D-F77B734F292A}.Debug|Any CPU.ActiveCfg = Debug|Any CPU
		{9460C41E-1FFF-060D-FB7D-F77B734F292A}.Debug|Any CPU.Build.0 = Debug|Any CPU
		{9460C41E-1FFF-060D-FB7D-F77B734F292A}.Release|Any CPU.ActiveCfg = Release|Any CPU
		{9460C41E-1FFF-060D-FB7D-F77B734F292A}.Release|Any CPU.Build.0 = Release|Any CPU
	EndGlobalSection
	GlobalSection(SolutionProperties) = preSolution
		HideSolutionNode = FALSE
	EndGlobalSection
	GlobalSection(ExtensibilityGlobals) = postSolution
		SolutionGuid = {465E86F6-1CE4-4AE2-BE5A-D9C8C517F5E0}
	EndGlobalSection
EndGlobal
